
Microsoft Visual Studio Solution File, Format Version 12.00
# Visual Studio Version 16
VisualStudioVersion = 16.0.30804.86
MinimumVisualStudioVersion = 10.0.40219.1
Project("{9A19103F-16F7-4668-BE54-9A1E7A4F7556}") = "ElsaLatest", "ElsaLatest\ElsaLatest.csproj", "{AB4E3EC1-C7C0-40AB-A726-218277A2D95A}"
EndProject
Project("{2150E333-8FDC-42A3-9474-1A3956D46DE8}") = "Solution Items", "Solution Items", "{CDEC18C8-8794-4490-B56C-D8A78F6E0A79}"
	ProjectSection(SolutionItems) = preProject
		Readme.md = Readme.md
		workflow-definition-create-ticket.json = workflow-definition-create-ticket.json
		workflow-definition-person-details.json = workflow-definition-person-details.json
	EndProjectSection
EndProject
Global
	GlobalSection(SolutionConfigurationPlatforms) = preSolution
		Debug|Any CPU = Debug|Any CPU
		Release|Any CPU = Release|Any CPU
	EndGlobalSection
	GlobalSection(ProjectConfigurationPlatforms) = postSolution
		{AB4E3EC1-C7C0-40AB-A726-218277A2D95A}.Debug|Any CPU.ActiveCfg = Debug|Any CPU
		{AB4E3EC1-C7C0-40AB-A726-218277A2D95A}.Debug|Any CPU.Build.0 = Debug|Any CPU
		{AB4E3EC1-C7C0-40AB-A726-218277A2D95A}.Release|Any CPU.ActiveCfg = Release|Any CPU
		{AB4E3EC1-C7C0-40AB-A726-218277A2D95A}.Release|Any CPU.Build.0 = Release|Any CPU
	EndGlobalSection
	GlobalSection(SolutionProperties) = preSolution
		HideSolutionNode = FALSE
	EndGlobalSection
	GlobalSection(ExtensibilityGlobals) = postSolution
		SolutionGuid = {D80CCC2F-C19C-4FA2-A564-D709AF17DC71}
	EndGlobalSection
EndGlobal
